
Microsoft Visual Studio Solution File, Format Version 12.00
# Visual Studio Version 17
VisualStudioVersion = 17.9.34622.214
MinimumVisualStudioVersion = 10.0.40219.1
Project("{FAE04EC0-301F-11D3-BF4B-00C04F79EFBC}") = "ConsoleApp1", "ConsoleApp1\ConsoleApp1.csproj", "{F4DF00E8-3B5D-43E9-A2BC-F5CC1EA70F1E}"
EndProject
Project("{FAE04EC0-301F-11D3-BF4B-00C04F79EFBC}") = "HelixSharpDx", "HelixSharpDx\HelixSharpDx.csproj", "{8C5FA165-17B1-4361-A038-32C0E7BE012F}"
EndProject
Project("{FAE04EC0-301F-11D3-BF4B-00C04F79EFBC}") = "HelixSharpDemo", "HelixSharpDemo\HelixSharpDemo.csproj", "{5A91505F-BCDD-4F56-9AA5-3740D349DD50}"
EndProject
Global
	GlobalSection(SolutionConfigurationPlatforms) = preSolution
		Debug|Any CPU = Debug|Any CPU
		Release|Any CPU = Release|Any CPU
	EndGlobalSection
	GlobalSection(ProjectConfigurationPlatforms) = postSolution
		{F4DF00E8-3B5D-43E9-A2BC-F5CC1EA70F1E}.Debug|Any CPU.ActiveCfg = Debug|Any CPU
		{F4DF00E8-3B5D-43E9-A2BC-F5CC1EA70F1E}.Debug|Any CPU.Build.0 = Debug|Any CPU
		{F4DF00E8-3B5D-43E9-A2BC-F5CC1EA70F1E}.Release|Any CPU.ActiveCfg = Release|Any CPU
		{F4DF00E8-3B5D-43E9-A2BC-F5CC1EA70F1E}.Release|Any CPU.Build.0 = Release|Any CPU
		{8C5FA165-17B1-4361-A038-32C0E7BE012F}.Debug|Any CPU.ActiveCfg = Debug|Any CPU
		{8C5FA165-17B1-4361-A038-32C0E7BE012F}.Debug|Any CPU.Build.0 = Debug|Any CPU
		{8C5FA165-17B1-4361-A038-32C0E7BE012F}.Release|Any CPU.ActiveCfg = Release|Any CPU
		{8C5FA165-17B1-4361-A038-32C0E7BE012F}.Release|Any CPU.Build.0 = Release|Any CPU
		{5A91505F-BCDD-4F56-9AA5-3740D349DD50}.Debug|Any CPU.ActiveCfg = Debug|Any CPU
		{5A91505F-BCDD-4F56-9AA5-3740D349DD50}.Debug|Any CPU.Build.0 = Debug|Any CPU
		{5A91505F-BCDD-4F56-9AA5-3740D349DD50}.Release|Any CPU.ActiveCfg = Release|Any CPU
		{5A91505F-BCDD-4F56-9AA5-3740D349DD50}.Release|Any CPU.Build.0 = Release|Any CPU
	EndGlobalSection
	GlobalSection(SolutionProperties) = preSolution
		HideSolutionNode = FALSE
	EndGlobalSection
	GlobalSection(ExtensibilityGlobals) = postSolution
		SolutionGuid = {EB06E51A-F3D2-446A-BBC4-0944962F4DFB}
	EndGlobalSection
EndGlobal
